{
  "name": "posthtml-uploadcare-gif2video",
  "version": "0.0.1",
  "lockfileVersion": 1,
  "dependencies": {
    "uploadcare-gif2video": {
      "version": "1.1.0",
      "resolved": "https://registry.npmjs.org/uploadcare-gif2video/-/uploadcare-gif2video-1.1.0.tgz",
      "integrity": "sha512-ckDosguXpMKXbRh/RK0UYFG7xjPrnnHRX5xxREZ1ymjP3J1aMSf8B/b0phIgim/j6f6jNUhERKGg3Rchh7QelQ=="
    }
  }
}
